
Microsoft Visual Studio Solution File, Format Version 12.00
# Visual Studio Version 17
VisualStudioVersion = 17.0.31903.59
MinimumVisualStudioVersion = 10.0.40219.1
Project("{FAE04EC0-301F-11D3-BF4B-00C04F79EFBC}") = "WebhookServer", "WebhookServer\WebhookServer.csproj", "{552AE651-7897-4975-A1E9-F969A3F8B5C9}"
EndProject
Project("{FAE04EC0-301F-11D3-BF4B-00C04F79EFBC}") = "WebhookClient", "WebhookClient\WebhookClient.csproj", "{BF0E435D-C8DF-4289-B4C5-18F28D1D4B7E}"
EndProject
Global
	GlobalSection(SolutionConfigurationPlatforms) = preSolution
		Debug|Any CPU = Debug|Any CPU
		Release|Any CPU = Release|Any CPU
	EndGlobalSection
	GlobalSection(SolutionProperties) = preSolution
		HideSolutionNode = FALSE
	EndGlobalSection
	GlobalSection(ProjectConfigurationPlatforms) = postSolution
		{552AE651-7897-4975-A1E9-F969A3F8B5C9}.Debug|Any CPU.ActiveCfg = Debug|Any CPU
		{552AE651-7897-4975-A1E9-F969A3F8B5C9}.Debug|Any CPU.Build.0 = Debug|Any CPU
		{552AE651-7897-4975-A1E9-F969A3F8B5C9}.Release|Any CPU.ActiveCfg = Release|Any CPU
		{552AE651-7897-4975-A1E9-F969A3F8B5C9}.Release|Any CPU.Build.0 = Release|Any CPU
		{BF0E435D-C8DF-4289-B4C5-18F28D1D4B7E}.Debug|Any CPU.ActiveCfg = Debug|Any CPU
		{BF0E435D-C8DF-4289-B4C5-18F28D1D4B7E}.Debug|Any CPU.Build.0 = Debug|Any CPU
		{BF0E435D-C8DF-4289-B4C5-18F28D1D4B7E}.Release|Any CPU.ActiveCfg = Release|Any CPU
		{BF0E435D-C8DF-4289-B4C5-18F28D1D4B7E}.Release|Any CPU.Build.0 = Release|Any CPU
	EndGlobalSection
EndGlobal
